
Microsoft Visual Studio Solution File, Format Version 12.00
# Visual Studio Version 17
VisualStudioVersion = 17.8.34330.188
MinimumVisualStudioVersion = 10.0.40219.1
Project("{FAE04EC0-301F-11D3-BF4B-00C04F79EFBC}") = "JWTImplementetion", "JWTImplementetion\JWTImplementetion.csproj", "{410BB722-0FC6-4E55-915B-332AAAADD9CC}"
EndProject
Global
	GlobalSection(SolutionConfigurationPlatforms) = preSolution
		Debug|Any CPU = Debug|Any CPU
		Release|Any CPU = Release|Any CPU
	EndGlobalSection
	GlobalSection(ProjectConfigurationPlatforms) = postSolution
		{410BB722-0FC6-4E55-915B-332AAAADD9CC}.Debug|Any CPU.ActiveCfg = Debug|Any CPU
		{410BB722-0FC6-4E55-915B-332AAAADD9CC}.Debug|Any CPU.Build.0 = Debug|Any CPU
		{410BB722-0FC6-4E55-915B-332AAAADD9CC}.Release|Any CPU.ActiveCfg = Release|Any CPU
		{410BB722-0FC6-4E55-915B-332AAAADD9CC}.Release|Any CPU.Build.0 = Release|Any CPU
	EndGlobalSection
	GlobalSection(SolutionProperties) = preSolution
		HideSolutionNode = FALSE
	EndGlobalSection
	GlobalSection(ExtensibilityGlobals) = postSolution
		SolutionGuid = {010E52D3-873E-415C-AD61-E174B76A9904}
	EndGlobalSection
EndGlobal
